
Microsoft Visual Studio Solution File, Format Version 12.00
# Visual Studio Version 16
VisualStudioVersion = 16.0.31019.35
MinimumVisualStudioVersion = 10.0.40219.1
Project("{FAE04EC0-301F-11D3-BF4B-00C04F79EFBC}") = "ParcialUno.Android", "ParcialUno\ParcialUno.Android\ParcialUno.Android.csproj", "{3D8B8F80-ACD3-44C9-BFAF-E304FCAE64F5}"
EndProject
Project("{FAE04EC0-301F-11D3-BF4B-00C04F79EFBC}") = "ParcialUno", "ParcialUno\ParcialUno\ParcialUno.csproj", "{7EB26434-5A48-41A6-BFD9-5F3BCA3DE13D}"
EndProject
Global
	GlobalSection(SolutionConfigurationPlatforms) = preSolution
		Debug|Any CPU = Debug|Any CPU
		Release|Any CPU = Release|Any CPU
	EndGlobalSection
	GlobalSection(ProjectConfigurationPlatforms) = postSolution
		{3D8B8F80-ACD3-44C9-BFAF-E304FCAE64F5}.Debug|Any CPU.ActiveCfg = Debug|Any CPU
		{3D8B8F80-ACD3-44C9-BFAF-E304FCAE64F5}.Debug|Any CPU.Build.0 = Debug|Any CPU
		{3D8B8F80-ACD3-44C9-BFAF-E304FCAE64F5}.Debug|Any CPU.Deploy.0 = Debug|Any CPU
		{3D8B8F80-ACD3-44C9-BFAF-E304FCAE64F5}.Release|Any CPU.ActiveCfg = Release|Any CPU
		{3D8B8F80-ACD3-44C9-BFAF-E304FCAE64F5}.Release|Any CPU.Build.0 = Release|Any CPU
		{3D8B8F80-ACD3-44C9-BFAF-E304FCAE64F5}.Release|Any CPU.Deploy.0 = Release|Any CPU
		{7EB26434-5A48-41A6-BFD9-5F3BCA3DE13D}.Debug|Any CPU.ActiveCfg = Debug|Any CPU
		{7EB26434-5A48-41A6-BFD9-5F3BCA3DE13D}.Debug|Any CPU.Build.0 = Debug|Any CPU
		{7EB26434-5A48-41A6-BFD9-5F3BCA3DE13D}.Debug|Any CPU.Deploy.0 = Debug|Any CPU
		{7EB26434-5A48-41A6-BFD9-5F3BCA3DE13D}.Release|Any CPU.ActiveCfg = Release|Any CPU
		{7EB26434-5A48-41A6-BFD9-5F3BCA3DE13D}.Release|Any CPU.Build.0 = Release|Any CPU
		{7EB26434-5A48-41A6-BFD9-5F3BCA3DE13D}.Release|Any CPU.Deploy.0 = Release|Any CPU
	EndGlobalSection
	GlobalSection(SolutionProperties) = preSolution
		HideSolutionNode = FALSE
	EndGlobalSection
	GlobalSection(ExtensibilityGlobals) = postSolution
		SolutionGuid = {45FBCD1F-4837-4B5D-876E-AE03FAE310BD}
	EndGlobalSection
EndGlobal
